{
  "version": "5",
  "specifiers": {
    "jsr:@std/assert@^1.0.19": "1.0.19",
    "jsr:@std/expect@^1.0.19": "1.0.19",
    "jsr:@std/internal@^1.0.12": "1.0.13",
    "jsr:@std/internal@^1.0.13": "1.0.13",
    "jsr:@std/path@^1.1.4": "1.1.4",
    "npm:@babel/core@^8.0.0-rc.5": "8.0.0-rc.5",
    "npm:@babel/generator@^8.0.0-rc.5": "8.0.0-rc.5",
    "npm:@babel/helper-validator-identifier@^8.0.0-rc.5": "8.0.0-rc.5",
    "npm:@babel/parser@^8.0.0-rc.5": "8.0.0-rc.5",
    "npm:@babel/template@^8.0.0-rc.5": "8.0.0-rc.5",
    "npm:@babel/traverse@^8.0.0-rc.5": "8.0.0-rc.5",
    "npm:@babel/types@^8.0.0-rc.5": "8.0.0-rc.5",
    "npm:ejs@^5.0.2": "5.0.2",
    "npm:gensync@^1.0.0-beta.2": "1.0.0-beta.2",
    "npm:recast@~0.23.11": "0.23.11"
  },
  "jsr": {
    "@std/assert@1.0.19": {
      "integrity": "eaada96ee120cb980bc47e040f82814d786fe8162ecc53c91d8df60b8755991e",
      "dependencies": [
        "jsr:@std/internal@^1.0.12"
      ]
    },
    "@std/expect@1.0.19": {
      "integrity": "25271785688c7ff902fa54875d6aa4001f552c5578f7f0fefb5b5aac1fc2ed8a",
      "dependencies": [
        "jsr:@std/assert",
        "jsr:@std/internal@^1.0.13",
        "jsr:@std/path"
      ]
    },
    "@std/internal@1.0.13": {
      "integrity": "2f9546691d4ac2d32859c82dff284aaeac980ddeca38430d07941e7e288725c0"
    },
    "@std/path@1.1.4": {
      "integrity": "1d2d43f39efb1b42f0b1882a25486647cb851481862dc7313390b2bb044314b5",
      "dependencies": [
        "jsr:@std/internal@^1.0.12"
      ]
    }
  },
  "npm": {
    "@babel/code-frame@8.0.0-rc.5": {
      "integrity": "sha512-+GQSHDNzO2ixYB1SkDr2nJZtpD60cGiijE4Oc6SO42zNijxizhcO2PEDs/83tKu6pb08Sy7Ri5EAYvDRtcBKAA==",
      "dependencies": [
        "@babel/helper-validator-identifier",
        "js-tokens"
      ]
    },
    "@babel/compat-data@8.0.0-rc.5": {
      "integrity": "sha512-9Hx303H/a0nNan4z0kEX0HGP7gzn3LsP7wVyn0PO7mByIoGG+/opvXG1k9bdo6wAOKrAmJwPWup51IvMfWeNvw=="
    },
    "@babel/core@8.0.0-rc.5": {
      "integrity": "sha512-/lVf0AAYFvdHFYm5nc1LsUCs/o2eDCRhHK/uuhTeyu3ZDPJBusxakSB5dMqfvrvXzQrohr0Bb2zlnDT2UJg5jg==",
      "dependencies": [
        "@babel/code-frame",
        "@babel/generator",
        "@babel/helper-compilation-targets",
        "@babel/helpers",
        "@babel/parser",
        "@babel/template",
        "@babel/traverse",
        "@babel/types",
        "@types/gensync",
        "convert-source-map",
        "gensync",
        "import-meta-resolve",
        "json5",
        "obug",
        "semver"
      ]
    },
    "@babel/generator@8.0.0-rc.5": {
      "integrity": "sha512-nFZPWz3FHIS7y6rMIVoa/WBwjdutfIaRJIBQjzn+t3RnecZoRNlGmGcyR2wb0T/IgSd50Kz/6dG8/LvMCRunjg==",
      "dependencies": [
        "@babel/parser",
        "@babel/types",
        "@jridgewell/gen-mapping",
        "@jridgewell/trace-mapping",
        "@types/jsesc",
        "jsesc"
      ]
    },
    "@babel/helper-compilation-targets@8.0.0-rc.5": {
      "integrity": "sha512-WIM+tX3uGm6fFVE6CW5ADAjavWEIqgeejRnPzmQJy5DZ7bealwKqDorIHhxqDYkd1rINgznBj7aXeBkyrOwyUQ==",
      "dependencies": [
        "@babel/compat-data",
        "@babel/helper-validator-option",
        "browserslist",
        "lru-cache",
        "semver"
      ]
    },
    "@babel/helper-globals@8.0.0-rc.5": {
      "integrity": "sha512-pYK5TiJHATA2d/WHPJNUapiJ5klSPIvZKEep0cDIelRh+V0pt3RB7nbqzsgd1NiyvqGDLoAn12XbOalStBr0tQ=="
    },
    "@babel/helper-string-parser@8.0.0-rc.5": {
      "integrity": "sha512-sN7R8rBvDurfaziNfDEIjIntlazmlkCDGO4SNl2RJ3wRCn+QxspLV7hzYAE8WWVd2joVuT8sUxeePdLp2idI1A=="
    },
    "@babel/helper-validator-identifier@8.0.0-rc.5": {
      "integrity": "sha512-ehJDxHvtbZ85RtX/L2fi0h9AGsBNqB5Euv1EB8RMAvGYvD+2X+QbpzzOpbklnNXO+WSZJNOaetw2BBj27xsWVg=="
    },
    "@babel/helper-validator-option@8.0.0-rc.5": {
      "integrity": "sha512-T9ZcmHby1W9r3F2l6BEvDibj8Lz7G279aIDZosOpSBYl8jO5RmtbJia35l6xus/fLj5AxefXlwbTCcXh2FYYvA=="
    },
    "@babel/helpers@8.0.0-rc.5": {
      "integrity": "sha512-8cBhvRAJsBMRVjKa1c6zWABrvMxK82Ex0EdYpF31Qk4cdjKkt/jZqRIqp4c9xPSFeWPnarr5z+UYEMTYzvPaww==",
      "dependencies": [
        "@babel/template",
        "@babel/types"
      ]
    },
    "@babel/parser@8.0.0-rc.5": {
      "integrity": "sha512-/Mfg83rK3+jsRbl4Vbd0jqxc6M1A1/WNFtgrowRM1unEsD3XcNnrBdMM0JWakd0/RN9lseQKwPduW1TiEwKOlQ==",
      "dependencies": [
        "@babel/types"
      ],
      "bin": true
    },
    "@babel/template@8.0.0-rc.5": {
      "integrity": "sha512-HZR8YfmymiFnKHATCeMkysF7iweLxdgQ6OAjzfZMPJ7wMGGgwVZv7CoPa2exi9AmBXyjKeDP4t0G3tsox2Ya8w==",
      "dependencies": [
        "@babel/code-frame",
        "@babel/parser",
        "@babel/types"
      ]
    },
    "@babel/traverse@8.0.0-rc.5": {
      "integrity": "sha512-nDYvsWPgyRWxwJSb9v57lSr6Z5r/IPlrHW6LYSkcRgzzcasq7JsDs2fFUBIGhoq3A6Cas1xH0Z2WQ/FNkbu10A==",
      "dependencies": [
        "@babel/code-frame",
        "@babel/generator",
        "@babel/helper-globals",
        "@babel/parser",
        "@babel/template",
        "@babel/types",
        "obug"
      ]
    },
    "@babel/types@8.0.0-rc.5": {
      "integrity": "sha512-JeSVu/m8x/zpp4CLjYHVNXuhEyOkhPXuxM8YOXjh6L4LlvQNKuUNOTo5KdBuKAcTDHw8DquToTaEkhsBqPXOaA==",
      "dependencies": [
        "@babel/helper-string-parser",
        "@babel/helper-validator-identifier"
      ]
    },
    "@jridgewell/gen-mapping@0.3.13": {
      "integrity": "sha512-2kkt/7niJ6MgEPxF0bYdQ6etZaA+fQvDcLKckhy1yIQOzaoKjBBjSj63/aLVjYE3qhRt5dvM+uUyfCg6UKCBbA==",
      "dependencies": [
        "@jridgewell/sourcemap-codec",
        "@jridgewell/trace-mapping"
      ]
    },
    "@jridgewell/resolve-uri@3.1.2": {
      "integrity": "sha512-bRISgCIjP20/tbWSPWMEi54QVPRZExkuD9lJL+UIxUKtwVJA8wW1Trb1jMs1RFXo1CBTNZ/5hpC9QvmKWdopKw=="
    },
    "@jridgewell/sourcemap-codec@1.5.5": {
      "integrity": "sha512-cYQ9310grqxueWbl+WuIUIaiUaDcj7WOq5fVhEljNVgRfOUhY9fy2zTvfoqWsnebh8Sl70VScFbICvJnLKB0Og=="
    },
    "@jridgewell/trace-mapping@0.3.31": {
      "integrity": "sha512-zzNR+SdQSDJzc8joaeP8QQoCQr8NuYx2dIIytl1QeBEZHJ9uW6hebsrYgbz8hJwUQao3TWCMtmfV8Nu1twOLAw==",
      "dependencies": [
        "@jridgewell/resolve-uri",
        "@jridgewell/sourcemap-codec"
      ]
    },
    "@types/gensync@1.0.5": {
      "integrity": "sha512-MbsRCT7mTikHwKZ0X+LVUTLRrZZRLipTuXEO9qOYO+zmjMVk81axyClMROf6uoPD9MRVu46bx8zoR0Ad9q3NAg=="
    },
    "@types/jsesc@2.5.1": {
      "integrity": "sha512-9VN+6yxLOPLOav+7PwjZbxiID2bVaeq0ED4qSQmdQTdjnXJSaCVKTR58t15oqH1H5t8Ng2ZX1SabJVoN9Q34bw=="
    },
    "ast-types@0.16.1": {
      "integrity": "sha512-6t10qk83GOG8p0vKmaCr8eiilZwO171AvbROMtvvNiwrTly62t+7XkA8RdIIVbpMhCASAsxgAzdRSwh6nw/5Dg==",
      "dependencies": [
        "tslib"
      ]
    },
    "baseline-browser-mapping@2.10.31": {
      "integrity": "sha512-MujYO3eP72uvmSE0i4wltsodRfIpZATP3jvzRNRGGxgzId7aVocVJJV3nf01qnzzKFGxQVC9bpWxl5cjxTr/7Q==",
      "bin": true
    },
    "browserslist@4.28.2": {
      "integrity": "sha512-48xSriZYYg+8qXna9kwqjIVzuQxi+KYWp2+5nCYnYKPTr0LvD89Jqk2Or5ogxz0NUMfIjhh2lIUX/LyX9B4oIg==",
      "dependencies": [
        "baseline-browser-mapping",
        "caniuse-lite",
        "electron-to-chromium",
        "node-releases",
        "update-browserslist-db"
      ],
      "bin": true
    },
    "caniuse-lite@1.0.30001793": {
      "integrity": "sha512-iwSsYWaCOoh26cV8NwNRViHlrfUvYsHDfRVcbtmw0Kg6PJIZZXwMkj1442FYLBGkeUf1juAsU3DTfxW579mrPA=="
    },
    "convert-source-map@2.0.0": {
      "integrity": "sha512-Kvp459HrV2FEJ1CAsi1Ku+MY3kasH19TFykTz2xWmMeq6bk2NU3XXvfJ+Q61m0xktWwt+1HSYf3JZsTms3aRJg=="
    },
    "ejs@5.0.2": {
      "integrity": "sha512-IpbUaI/CAW86l3f+T8zN0iggSc0LmMZLcIW5eRVStLVNCoTXkE0YlncbbH50fp8Cl6zHIky0sW2uUbhBqGw0Jw==",
      "bin": true
    },
    "electron-to-chromium@1.5.359": {
      "integrity": "sha512-8lPELWuYZIWk7NDvCNthtmMw/7Q5Wu25NpM4djFMHBmk8DubPAtL4YTOp7ou0e7HyJtwkVlWv8XMLURnrtgJQw=="
    },
    "escalade@3.2.0": {
      "integrity": "sha512-WUj2qlxaQtO4g6Pq5c29GTcWGDyd8itL8zTlipgECz3JesAiiOKotd8JU6otB3PACgG6xkJUyVhboMS+bje/jA=="
    },
    "esprima@4.0.1": {
      "integrity": "sha512-eGuFFw7Upda+g4p+QHvnW0RyTX/SVeJBDM/gCtMARO0cLuT2HcEKnTPvhjV6aGeqrCB/sbNop0Kszm0jsaWU4A==",
      "bin": true
    },
    "gensync@1.0.0-beta.2": {
      "integrity": "sha512-3hN7NaskYvMDLQY55gnW3NQ+mesEAepTqlg+VEbj7zzqEMBVNhzcGYYeqFo/TlYz6eQiFcp1HcsCZO+nGgS8zg=="
    },
    "import-meta-resolve@4.2.0": {
      "integrity": "sha512-Iqv2fzaTQN28s/FwZAoFq0ZSs/7hMAHJVX+w8PZl3cY19Pxk6jFFalxQoIfW2826i/fDLXv8IiEZRIT0lDuWcg=="
    },
    "js-tokens@10.0.0": {
      "integrity": "sha512-lM/UBzQmfJRo9ABXbPWemivdCW8V2G8FHaHdypQaIy523snUjog0W71ayWXTjiR+ixeMyVHN2XcpnTd/liPg/Q=="
    },
    "jsesc@3.1.0": {
      "integrity": "sha512-/sM3dO2FOzXjKQhJuo0Q173wf2KOo8t4I8vHy6lF9poUp7bKT0/NHE8fPX23PwfhnykfqnC2xRxOnVw5XuGIaA==",
      "bin": true
    },
    "json5@2.2.3": {
      "integrity": "sha512-XmOWe7eyHYH14cLdVPoyg+GOH3rYX++KpzrylJwSW98t3Nk+U8XOl8FWKOgwtzdb8lXGf6zYwDUzeHMWfxasyg==",
      "bin": true
    },
    "lru-cache@7.18.3": {
      "integrity": "sha512-jumlc0BIUrS3qJGgIkWZsyfAM7NCWiBcCDhnd+3NNM5KbBmLTgHVfWBcg6W+rLUsIpzpERPsvwUP7CckAQSOoA=="
    },
    "node-releases@2.0.44": {
      "integrity": "sha512-5WUyunoPMsvvEhS8AxHtRzP+oA8UCkJ7YRxatWKjngndhDGLiqEVAQKWjFAiAiuL8zMRGzGSJxFnLetoa43qGQ=="
    },
    "obug@2.1.1": {
      "integrity": "sha512-uTqF9MuPraAQ+IsnPf366RG4cP9RtUi7MLO1N3KEc+wb0a6yKpeL0lmk2IB1jY5KHPAlTc6T/JRdC/YqxHNwkQ=="
    },
    "picocolors@1.1.1": {
      "integrity": "sha512-xceH2snhtb5M9liqDsmEw56le376mTZkEX/jEb/RxNFyegNul7eNslCXP9FDj/Lcu0X8KEyMceP2ntpaHrDEVA=="
    },
    "recast@0.23.11": {
      "integrity": "sha512-YTUo+Flmw4ZXiWfQKGcwwc11KnoRAYgzAE2E7mXKCjSviTKShtxBsN6YUUBB2gtaBzKzeKunxhUwNHQuRryhWA==",
      "dependencies": [
        "ast-types",
        "esprima",
        "source-map",
        "tiny-invariant",
        "tslib"
      ]
    },
    "semver@7.8.0": {
      "integrity": "sha512-AcM7dV/5ul4EekoQ29Agm5vri8JNqRyj39o0qpX6vDF2GZrtutZl5RwgD1XnZjiTAfncsJhMI48QQH3sN87YNA==",
      "bin": true
    },
    "source-map@0.6.1": {
      "integrity": "sha512-UjgapumWlbMhkBgzT7Ykc5YXUT46F0iKu8SGXq0bcwP5dz/h0Plj6enJqjz1Zbq2l5WaqYnrVbwWOWMyF3F47g=="
    },
    "tiny-invariant@1.3.3": {
      "integrity": "sha512-+FbBPE1o9QAYvviau/qC5SE3caw21q3xkvWKBtja5vgqOWIHHJ3ioaq1VPfn/Szqctz2bU/oYeKd9/z5BL+PVg=="
    },
    "tslib@2.8.1": {
      "integrity": "sha512-oJFu94HQb+KVduSUQL7wnpmqnfmLsOA/nAh6b6EH0wCEoK0/mPeXU6c3wKDV83MkOuHPRHtSXKKU99IBazS/2w=="
    },
    "update-browserslist-db@1.2.3_browserslist@4.28.2": {
      "integrity": "sha512-Js0m9cx+qOgDxo0eMiFGEueWztz+d4+M3rGlmKPT+T4IS/jP4ylw3Nwpu6cpTTP8R1MAC1kF4VbdLt3ARf209w==",
      "dependencies": [
        "browserslist",
        "escalade",
        "picocolors"
      ],
      "bin": true
    }
  },
  "workspace": {
    "dependencies": [
      "jsr:@std/assert@^1.0.19",
      "npm:@babel/core@^8.0.0-rc.5",
      "npm:@babel/generator@^8.0.0-rc.5",
      "npm:@babel/helper-validator-identifier@^8.0.0-rc.5",
      "npm:@babel/parser@^8.0.0-rc.5",
      "npm:@babel/template@^8.0.0-rc.5",
      "npm:@babel/traverse@^8.0.0-rc.5",
      "npm:@babel/types@^8.0.0-rc.5"
    ],
    "members": {
      "packages/core": {
        "dependencies": [
          "npm:gensync@^1.0.0-beta.2",
          "npm:recast@~0.23.11"
        ]
      },
      "packages/parser": {
        "dependencies": [
          "jsr:@std/expect@^1.0.19"
        ]
      },
      "packages/rebuild-matchers": {
        "dependencies": [
          "npm:ejs@^5.0.2"
        ]
      }
    }
  }
}
